Microsoft Visual Studio Solution File, Format Version 11.00
# Visual Studio 2008

Project("{813F8CE5-80F2-7655-8CE9-E5093468B1AB}") = "village", "Assembly-CSharp-firstpass.csproj", "{DD1CD688-D16E-C198-47DF-AE4E8AB74E47}"
EndProject
Project("{813F8CE5-80F2-7655-8CE9-E5093468B1AB}") = "village", "Assembly-CSharp.csproj", "{3640826E-A04A-B35B-5D13-0C901C71A22A}"
EndProject
Project("{813F8CE5-80F2-7655-8CE9-E5093468B1AB}") = "village", "Assembly-CSharp-Editor-firstpass.csproj", "{012A91A2-A59F-52DC-35D5-F996BB044820}"
EndProject
Global
	GlobalSection(SolutionConfigurationPlatforms) = preSolution
		Debug|Any CPU = Debug|Any CPU
		Release|Any CPU = Release|Any CPU
	EndGlobalSection
	GlobalSection(ProjectConfigurationPlatforms) = postSolution
		{DD1CD688-D16E-C198-47DF-AE4E8AB74E47}.Debug|Any CPU.ActiveCfg = Debug|Any CPU
		{DD1CD688-D16E-C198-47DF-AE4E8AB74E47}.Debug|Any CPU.Build.0 = Debug|Any CPU
		{DD1CD688-D16E-C198-47DF-AE4E8AB74E47}.Release|Any CPU.ActiveCfg = Release|Any CPU
		{DD1CD688-D16E-C198-47DF-AE4E8AB74E47}.Release|Any CPU.Build.0 = Release|Any CPU
		{3640826E-A04A-B35B-5D13-0C901C71A22A}.Debug|Any CPU.ActiveCfg = Debug|Any CPU
		{3640826E-A04A-B35B-5D13-0C901C71A22A}.Debug|Any CPU.Build.0 = Debug|Any CPU
		{3640826E-A04A-B35B-5D13-0C901C71A22A}.Release|Any CPU.ActiveCfg = Release|Any CPU
		{3640826E-A04A-B35B-5D13-0C901C71A22A}.Release|Any CPU.Build.0 = Release|Any CPU
		{012A91A2-A59F-52DC-35D5-F996BB044820}.Debug|Any CPU.ActiveCfg = Debug|Any CPU
		{012A91A2-A59F-52DC-35D5-F996BB044820}.Debug|Any CPU.Build.0 = Debug|Any CPU
		{012A91A2-A59F-52DC-35D5-F996BB044820}.Release|Any CPU.ActiveCfg = Release|Any CPU
		{012A91A2-A59F-52DC-35D5-F996BB044820}.Release|Any CPU.Build.0 = Release|Any CPU
	EndGlobalSection
	GlobalSection(SolutionProperties) = preSolution
		HideSolutionNode = FALSE
	EndGlobalSection
	GlobalSection(MonoDevelopProperties) = preSolution
		StartupItem = Assembly-CSharp.csproj
	EndGlobalSection
EndGlobal
